
Microsoft Visual Studio Solution File, Format Version 11.00
# Visual Studio 2010
Project("{FAE04EC0-301F-11D3-BF4B-00C04F79EFBC}") = "Tools", "Tools.csproj", "{A576B659-B34F-4F0F-BDF6-0819597478A6}"
EndProject
Global
	GlobalSection(SolutionConfigurationPlatforms) = preSolution
		Debug|Any CPU = Debug|Any CPU
		Prerelease|Any CPU = Prerelease|Any CPU
		Release|Any CPU = Release|Any CPU
	EndGlobalSection
	GlobalSection(ProjectConfigurationPlatforms) = postSolution
		{A576B659-B34F-4F0F-BDF6-0819597478A6}.Debug|Any CPU.ActiveCfg = Debug|Any CPU
		{A576B659-B34F-4F0F-BDF6-0819597478A6}.Debug|Any CPU.Build.0 = Debug|Any CPU
		{A576B659-B34F-4F0F-BDF6-0819597478A6}.Prerelease|Any CPU.ActiveCfg = Prerelease|Any CPU
		{A576B659-B34F-4F0F-BDF6-0819597478A6}.Prerelease|Any CPU.Build.0 = Prerelease|Any CPU
		{A576B659-B34F-4F0F-BDF6-0819597478A6}.Release|Any CPU.ActiveCfg = Release|Any CPU
		{A576B659-B34F-4F0F-BDF6-0819597478A6}.Release|Any CPU.Build.0 = Release|Any CPU
	EndGlobalSection
	GlobalSection(SolutionProperties) = preSolution
		HideSolutionNode = FALSE
	EndGlobalSection
EndGlobal
